<?xml version="1.0" encoding="utf-8"?>
<Project ToolsVersion="4.0" xmlns="http://schemas.microsoft.com/developer/msbuild/2003">
  <ItemGroup>
    <Filter Include="Source Files">
      <UniqueIdentifier>{4FC737F1-C7A5-4376-A066-2A32D752A2FF}</UniqueIdentifier>
      <Extensions>cpp;c;cc;cxx;c++;cppm;ixx;def;odl;idl;hpj;bat;asm;asmx</Extensions>
    </Filter>
    <Filter Include="Header Files">
      <UniqueIdentifier>{93995380-89BD-4b04-88EB-625FBE52EBFB}</UniqueIdentifier>
      <Extensions>h;hh;hpp;hxx;h++;hm;inl;inc;ipp;xsd</Extensions>
    </Filter>
    <Filter Include="Resource Files">
      <UniqueIdentifier>{67DA6AB6-F800-4c08-8B7A-83BB121AAD01}</UniqueIdentifier>
      <Extensions>rc;ico;cur;bmp;dlg;rc2;rct;bin;rgs;gif;jpg;jpeg;jpe;resx;tiff;tif;png;wav;mfcribbon-ms</Extensions>
    </Filter>
    <Filter Include="Source Files\geometry">
      <UniqueIdentifier>{d669423a-5198-41e6-989b-bb16941b0b5a}</UniqueIdentifier>
    </Filter>
    <Filter Include="Source Files\gid">
      <UniqueIdentifier>{64b56afd-a20a-4c98-a0d1-806444230d80}</UniqueIdentifier>
    </Filter>
    <Filter Include="Source Files\math_utilities">
      <UniqueIdentifier>{e9908493-1cb0-464b-8022-5cb5ca4f0479}</UniqueIdentifier>
    </Filter>
    <Filter Include="Source Files\mef_utilities">
      <UniqueIdentifier>{391d87f7-4e05-4bff-9d56-366fa00e766f}</UniqueIdentifier>
    </Filter>
  </ItemGroup>
  <ItemGroup>
    <ClCompile Include="projekt.cpp">
      <Filter>Source Files</Filter>
    </ClCompile>
  </ItemGroup>
  <ItemGroup>
    <ClInclude Include="condition.hpp">
      <Filter>Source Files\geometry</Filter>
    </ClInclude>
    <ClInclude Include="element.hpp">
      <Filter>Source Files\geometry</Filter>
    </ClInclude>
    <ClInclude Include="mesh.hpp">
      <Filter>Source Files\geometry</Filter>
    </ClInclude>
    <ClInclude Include="node.hpp">
      <Filter>Source Files\geometry</Filter>
    </ClInclude>
    <ClInclude Include="input_output.hpp">
      <Filter>Source Files\gid</Filter>
    </ClInclude>
    <ClInclude Include="matrix.hpp">
      <Filter>Source Files\math_utilities</Filter>
    </ClInclude>
    <ClInclude Include="matrix_operations.hpp">
      <Filter>Source Files\math_utilities</Filter>
    </ClInclude>
    <ClInclude Include="vector.hpp">
      <Filter>Source Files\math_utilities</Filter>
    </ClInclude>
    <ClInclude Include="mef_process.hpp">
      <Filter>Source Files\mef_utilities</Filter>
    </ClInclude>
  </ItemGroup>
</Project>